
Microsoft Visual Studio Solution File, Format Version 12.00
# Visual Studio Version 17
VisualStudioVersion = 17.14.36414.22 d17.14
MinimumVisualStudioVersion = 10.0.40219.1
Project("{F184B08F-C81C-45F6-A57F-5ABD9991F28F}") = "VM.ElitePlugin", "VM.ElitePlugin\VM.ElitePlugin.vbproj", "{2494787C-7F69-419E-8E62-CF6B38E01EA8}"
EndProject
Global
	GlobalSection(SolutionConfigurationPlatforms) = preSolution
		Debug|Any CPU = Debug|Any CPU
		Release|Any CPU = Release|Any CPU
	EndGlobalSection
	GlobalSection(ProjectConfigurationPlatforms) = postSolution
		{2494787C-7F69-419E-8E62-CF6B38E01EA8}.Debug|Any CPU.ActiveCfg = Debug|Any CPU
		{2494787C-7F69-419E-8E62-CF6B38E01EA8}.Debug|Any CPU.Build.0 = Debug|Any CPU
		{2494787C-7F69-419E-8E62-CF6B38E01EA8}.Release|Any CPU.ActiveCfg = Release|Any CPU
		{2494787C-7F69-419E-8E62-CF6B38E01EA8}.Release|Any CPU.Build.0 = Release|Any CPU
	EndGlobalSection
	GlobalSection(SolutionProperties) = preSolution
		HideSolutionNode = FALSE
	EndGlobalSection
	GlobalSection(ExtensibilityGlobals) = postSolution
		SolutionGuid = {8A0F7856-76CC-44F7-A08C-B1A28DA13CCB}
	EndGlobalSection
EndGlobal
